
Microsoft Visual Studio Solution File, Format Version 12.00
# Visual Studio 15
Project("{FAE04EC0-301F-11D3-BF4B-00C04F79EFBC}") = "DuckBuildAPI", "DuckBuildAPI\DuckBuildAPI.csproj", "{DA833FB4-43CE-4749-9A91-3AEA0C91B6E2}"
EndProject
Global
	GlobalSection(SolutionConfigurationPlatforms) = preSolution
		Debug|Any CPU = Debug|Any CPU
		Release|Any CPU = Release|Any CPU
	EndGlobalSection
	GlobalSection(ProjectConfigurationPlatforms) = postSolution
		{DA833FB4-43CE-4749-9A91-3AEA0C91B6E2}.Debug|Any CPU.ActiveCfg = Debug|Any CPU
		{DA833FB4-43CE-4749-9A91-3AEA0C91B6E2}.Debug|Any CPU.Build.0 = Debug|Any CPU
		{DA833FB4-43CE-4749-9A91-3AEA0C91B6E2}.Release|Any CPU.ActiveCfg = Release|Any CPU
		{DA833FB4-43CE-4749-9A91-3AEA0C91B6E2}.Release|Any CPU.Build.0 = Release|Any CPU
	EndGlobalSection
EndGlobal
